// !$*UTF8*$!
{
	archiveVersion = 1;
	classes = {
	};
	objectVersion = 50;
	objects = {

/* Begin PBXBuildFile section */
		C7B070DB225DC98C0077D540 /* AppDelegate.m in Sources */ = {isa = PBXBuildFile; fileRef = C7B070DA225DC98C0077D540 /* AppDelegate.m */; };
		C7B070DE225DC98C0077D540 /* ViewController.m in Sources */ = {isa = PBXBuildFile; fileRef = C7B070DD225DC98C0077D540 /* ViewController.m */; };
		C7B070E1225DC98C0077D540 /* Main.storyboard in Resources */ = {isa = PBXBuildFile; fileRef = C7B070DF225DC98C0077D540 /* Main.storyboard */; };
		C7B070E3225DC98C0077D540 /* Assets.xcassets in Resources */ = {isa = PBXBuildFile; fileRef = C7B070E2225DC98C0077D540 /* Assets.xcassets */; };
		C7B070E6225DC98C0077D540 /* LaunchScreen.storyboard in Resources */ = {isa = PBXBuildFile; fileRef = C7B070E4225DC98C0077D540 /* LaunchScreen.storyboard */; };
		C7B070E9225DC98C0077D540 /* main.m in Sources */ = {isa = PBXBuildFile; fileRef = C7B070E8225DC98C0077D540 /* main.m */; };
		C7B070F3225DC98D0077D540 /* UITouchDemoTests.m in Sources */ = {isa = PBXBuildFile; fileRef = C7B070F2225DC98D0077D540 /* UITouchDemoTests.m */; };
		C7B070FE225DC98D0077D540 /* UITouchDemoUITests.m in Sources */ = {isa = PBXBuildFile; fileRef = C7B070FD225DC98D0077D540 /* UITouchDemoUITests.m */; };
		C7B0710D225DCB3D0077D540 /* AView.m in Sources */ = {isa = PBXBuildFile; fileRef = C7B0710C225DCB3D0077D540 /* AView.m */; };
		C7B07110225DCB480077D540 /* BView.m in Sources */ = {isa = PBXBuildFile; fileRef = C7B0710F225DCB480077D540 /* BView.m */; };
		C7B07113225DCB530077D540 /* CView.m in Sources */ = {isa = PBXBuildFile; fileRef = C7B07112225DCB530077D540 /* CView.m */; };
		C7B07116225DCB5C0077D540 /* DView.m in Sources */ = {isa = PBXBuildFile; fileRef = C7B07115225DCB5C0077D540 /* DView.m */; };
		C7B07119225DD2DC0077D540 /* PDTapGestureRecognizer.m in Sources */ = {isa = PBXBuildFile; fileRef = C7B07118225DD2DC0077D540 /* PDTapGestureRecognizer.m */; };
/* End PBXBuildFile section */

/* Begin PBXContainerItemProxy section */
		C7B070EF225DC98D0077D540 /* PBXContainerItemProxy */ = {
			isa = PBXContainerItemProxy;
			containerPortal = C7B070CE225DC98C0077D540 /* Project object */;
			proxyType = 1;
			remoteGlobalIDString = C7B070D5225DC98C0077D540;
			remoteInfo = UITouchDemo;
		};
		C7B070FA225DC98D0077D540 /* PBXContainerItemProxy */ = {
			isa = PBXContainerItemProxy;
			containerPortal = C7B070CE225DC98C0077D540 /* Project object */;
			proxyType = 1;
			remoteGlobalIDString = C7B070D5225DC98C0077D540;
			remoteInfo = UITouchDemo;
		};
/* End PBXContainerItemProxy section */

/* Begin PBXFileReference section */
		C7B070D6225DC98C0077D540 /* UITouchDemo.app */ = {isa = PBXFileReference; explicitFileType = wrapper.application; includeInIndex = 0; path = UITouchDemo.app; sourceTree = BUILT_PRODUCTS_DIR; };
		C7B070D9225DC98C0077D540 /* AppDelegate.h */ = {isa = PBXFileReference; lastKnownFileType = sourcecode.c.h; path = AppDelegate.h; sourceTree = "<group>"; };
		C7B070DA225DC98C0077D540 /* AppDelegate.m */ = {isa = PBXFileReference; lastKnownFileType = sourcecode.c.objc; path = AppDelegate.m; sourceTree = "<group>"; };
		C7B070DC225DC98C0077D540 /* ViewController.h */ = {isa = PBXFileReference; lastKnownFileType = sourcecode.c.h; path = ViewController.h; sourceTree = "<group>"; };
		C7B070DD225DC98C0077D540 /* ViewController.m */ = {isa = PBXFileReference; lastKnownFileType = sourcecode.c.objc; path = ViewController.m; sourceTree = "<group>"; };
		C7B070E0225DC98C0077D540 /* Base */ = {isa = PBXFileReference; lastKnownFileType = file.storyboard; name = Base; path = Base.lproj/Main.storyboard; sourceTree = "<group>"; };
		C7B070E2225DC98C0077D540 /* Assets.xcassets */ = {isa = PBXFileReference; lastKnownFileType = folder.assetcatalog; path = Assets.xcassets; sourceTree = "<group>"; };
		C7B070E5225DC98C0077D540 /* Base */ = {isa = PBXFileReference; lastKnownFileType = file.storyboard; name = Base; path = Base.lproj/LaunchScreen.storyboard; sourceTree = "<group>"; };
		C7B070E7225DC98C0077D540 /* Info.plist */ = {isa = PBXFileReference; lastKnownFileType = text.plist.xml; path = Info.plist; sourceTree = "<group>"; };
		C7B070E8225DC98C0077D540 /* main.m */ = {isa = PBXFileReference; lastKnownFileType = sourcecode.c.objc; path = main.m; sourceTree = "<group>"; };
		C7B070EE225DC98D0077D540 /* UITouchDemoTests.xctest */ = {isa = PBXFileReference; explicitFileType = wrapper.cfbundle; includeInIndex = 0; path = UITouchDemoTests.xctest; sourceTree = BUILT_PRODUCTS_DIR; };
		C7B070F2225DC98D0077D540 /* UITouchDemoTests.m */ = {isa = PBXFileReference; lastKnownFileType = sourcecode.c.objc; path = UITouchDemoTests.m; sourceTree = "<group>"; };
		C7B070F4225DC98D0077D540 /* Info.plist */ = {isa = PBXFileReference; lastKnownFileType = text.plist.xml; path = Info.plist; sourceTree = "<group>"; };
		C7B070F9225DC98D0077D540 /* UITouchDemoUITests.xctest */ = {isa = PBXFileReference; explicitFileType = wrapper.cfbundle; includeInIndex = 0; path = UITouchDemoUITests.xctest; sourceTree = BUILT_PRODUCTS_DIR; };
		C7B070FD225DC98D0077D540 /* UITouchDemoUITests.m */ = {isa = PBXFileReference; lastKnownFileType = sourcecode.c.objc; path = UITouchDemoUITests.m; sourceTree = "<group>"; };
		C7B070FF225DC98D0077D540 /* Info.plist */ = {isa = PBXFileReference; lastKnownFileType = text.plist.xml; path = Info.plist; sourceTree = "<group>"; };
		C7B0710B225DCB3D0077D540 /* AView.h */ = {isa = PBXFileReference; lastKnownFileType = sourcecode.c.h; path = AView.h; sourceTree = "<group>"; };
		C7B0710C225DCB3D0077D540 /* AView.m */ = {isa = PBXFileReference; lastKnownFileType = sourcecode.c.objc; path = AView.m; sourceTree = "<group>"; };
		C7B0710E225DCB480077D540 /* BView.h */ = {isa = PBXFileReference; lastKnownFileType = sourcecode.c.h; path = BView.h; sourceTree = "<group>"; };
		C7B0710F225DCB480077D540 /* BView.m */ = {isa = PBXFileReference; lastKnownFileType = sourcecode.c.objc; path = BView.m; sourceTree = "<group>"; };
		C7B07111225DCB530077D540 /* CView.h */ = {isa = PBXFileReference; lastKnownFileType = sourcecode.c.h; path = CView.h; sourceTree = "<group>"; };
		C7B07112225DCB530077D540 /* CView.m */ = {isa = PBXFileReference; lastKnownFileType = sourcecode.c.objc; path = CView.m; sourceTree = "<group>"; };
		C7B07114225DCB5C0077D540 /* DView.h */ = {isa = PBXFileReference; lastKnownFileType = sourcecode.c.h; path = DView.h; sourceTree = "<group>"; };
		C7B07115225DCB5C0077D540 /* DView.m */ = {isa = PBXFileReference; lastKnownFileType = sourcecode.c.objc; path = DView.m; sourceTree = "<group>"; };
		C7B07117225DD2DC0077D540 /* PDTapGestureRecognizer.h */ = {isa = PBXFileReference; lastKnownFileType = sourcecode.c.h; path = PDTapGestureRecognizer.h; sourceTree = "<group>"; };
		C7B07118225DD2DC0077D540 /* PDTapGestureRecognizer.m */ = {isa = PBXFileReference; lastKnownFileType = sourcecode.c.objc; path = PDTapGestureRecognizer.m; sourceTree = "<group>"; };
/* End PBXFileReference section */

/* Begin PBXFrameworksBuildPhase section */
		C7B070D3225DC98C0077D540 /* Frameworks */ = {
			isa = PBXFrameworksBuildPhase;
			buildActionMask = 2147483647;
			files = (
			);
			runOnlyForDeploymentPostprocessing = 0;
		};
		C7B070EB225DC98D0077D540 /* Frameworks */ = {
			isa = PBXFrameworksBuildPhase;
			buildActionMask = 2147483647;
			files = (
			);
			runOnlyForDeploymentPostprocessing = 0;
		};
		C7B070F6225DC98D0077D540 /* Frameworks */ = {
			isa = PBXFrameworksBuildPhase;
			buildActionMask = 2147483647;
			files = (
			);
			runOnlyForDeploymentPostprocessing = 0;
		};
/* End PBXFrameworksBuildPhase section */

/* Begin PBXGroup section */
		C7B070CD225DC98C0077D540 = {
			isa = PBXGroup;
			children = (
				C7B070D8225DC98C0077D540 /* UITouchDemo */,
				C7B070F1225DC98D0077D540 /* UITouchDemoTests */,
				C7B070FC225DC98D0077D540 /* UITouchDemoUITests */,
				C7B070D7225DC98C0077D540 /* Products */,
			);
			sourceTree = "<group>";
		};
		C7B070D7225DC98C0077D540 /* Products */ = {
			isa = PBXGroup;
			children = (
				C7B070D6225DC98C0077D540 /* UITouchDemo.app */,
				C7B070EE225DC98D0077D540 /* UITouchDemoTests.xctest */,
				C7B070F9225DC98D0077D540 /* UITouchDemoUITests.xctest */,
			);
			name = Products;
			sourceTree = "<group>";
		};
		C7B070D8225DC98C0077D540 /* UITouchDemo */ = {
			isa = PBXGroup;
			children = (
				C7B070D9225DC98C0077D540 /* AppDelegate.h */,
				C7B070DA225DC98C0077D540 /* AppDelegate.m */,
				C7B070DC225DC98C0077D540 /* ViewController.h */,
				C7B070DD225DC98C0077D540 /* ViewController.m */,
				C7B07117225DD2DC0077D540 /* PDTapGestureRecognizer.h */,
				C7B07118225DD2DC0077D540 /* PDTapGestureRecognizer.m */,
				C7B0710B225DCB3D0077D540 /* AView.h */,
				C7B0710C225DCB3D0077D540 /* AView.m */,
				C7B0710E225DCB480077D540 /* BView.h */,
				C7B0710F225DCB480077D540 /* BView.m */,
				C7B07111225DCB530077D540 /* CView.h */,
				C7B07112225DCB530077D540 /* CView.m */,
				C7B07114225DCB5C0077D540 /* DView.h */,
				C7B07115225DCB5C0077D540 /* DView.m */,
				C7B070DF225DC98C0077D540 /* Main.storyboard */,
				C7B070E2225DC98C0077D540 /* Assets.xcassets */,
				C7B070E4225DC98C0077D540 /* LaunchScreen.storyboard */,
				C7B070E7225DC98C0077D540 /* Info.plist */,
				C7B070E8225DC98C0077D540 /* main.m */,
			);
			path = UITouchDemo;
			sourceTree = "<group>";
		};
		C7B070F1225DC98D0077D540 /* UITouchDemoTests */ = {
			isa = PBXGroup;
			children = (
				C7B070F2225DC98D0077D540 /* UITouchDemoTests.m */,
				C7B070F4225DC98D0077D540 /* Info.plist */,
			);
			path = UITouchDemoTests;
			sourceTree = "<group>";
		};
		C7B070FC225DC98D0077D540 /* UITouchDemoUITests */ = {
			isa = PBXGroup;
			children = (
				C7B070FD225DC98D0077D540 /* UITouchDemoUITests.m */,
				C7B070FF225DC98D0077D540 /* Info.plist */,
			);
			path = UITouchDemoUITests;
			sourceTree = "<group>";
		};
/* End PBXGroup section */

/* Begin PBXNativeTarget section */
		C7B070D5225DC98C0077D540 /* UITouchDemo */ = {
			isa = PBXNativeTarget;
			buildConfigurationList = C7B07102225DC98D0077D540 /* Build configuration list for PBXNativeTarget "UITouchDemo" */;
			buildPhases = (
				C7B070D2225DC98C0077D540 /* Sources */,
				C7B070D3225DC98C0077D540 /* Frameworks */,
				C7B070D4225DC98C0077D540 /* Resources */,
			);
			buildRules = (
			);
			dependencies = (
			);
			name = UITouchDemo;
			productName = UITouchDemo;
			productReference = C7B070D6225DC98C0077D540 /* UITouchDemo.app */;
			productType = "com.apple.product-type.application";
		};
		C7B070ED225DC98D0077D540 /* UITouchDemoTests */ = {
			isa = PBXNativeTarget;
			buildConfigurationList = C7B07105225DC98D0077D540 /* Build configuration list for PBXNativeTarget "UITouchDemoTests" */;
			buildPhases = (
				C7B070EA225DC98D0077D540 /* Sources */,
				C7B070EB225DC98D0077D540 /* Frameworks */,
				C7B070EC225DC98D0077D540 /* Resources */,
			);
			buildRules = (
			);
			dependencies = (
				C7B070F0225DC98D0077D540 /* PBXTargetDependency */,
			);
			name = UITouchDemoTests;
			productName = UITouchDemoTests;
			productReference = C7B070EE225DC98D0077D540 /* UITouchDemoTests.xctest */;
			productType = "com.apple.product-type.bundle.unit-test";
		};
		C7B070F8225DC98D0077D540 /* UITouchDemoUITests */ = {
			isa = PBXNativeTarget;
			buildConfigurationList = C7B07108225DC98D0077D540 /* Build configuration list for PBXNativeTarget "UITouchDemoUITests" */;
			buildPhases = (
				C7B070F5225DC98D0077D540 /* Sources */,
				C7B070F6225DC98D0077D540 /* Frameworks */,
				C7B070F7225DC98D0077D540 /* Resources */,
			);
			buildRules = (
			);
			dependencies = (
				C7B070FB225DC98D0077D540 /* PBXTargetDependency */,
			);
			name = UITouchDemoUITests;
			productName = UITouchDemoUITests;
			productReference = C7B070F9225DC98D0077D540 /* UITouchDemoUITests.xctest */;
			productType = "com.apple.product-type.bundle.ui-testing";
		};
/* End PBXNativeTarget section */

/* Begin PBXProject section */
		C7B070CE225DC98C0077D540 /* Project object */ = {
			isa = PBXProject;
			attributes = {
				LastUpgradeCheck = 1010;
				ORGANIZATIONNAME = "王泽龙";
				TargetAttributes = {
					C7B070D5225DC98C0077D540 = {
						CreatedOnToolsVersion = 10.1;
					};
					C7B070ED225DC98D0077D540 = {
						CreatedOnToolsVersion = 10.1;
						TestTargetID = C7B070D5225DC98C0077D540;
					};
					C7B070F8225DC98D0077D540 = {
						CreatedOnToolsVersion = 10.1;
						TestTargetID = C7B070D5225DC98C0077D540;
					};
				};
			};
			buildConfigurationList = C7B070D1225DC98C0077D540 /* Build configuration list for PBXProject "UITouchDemo" */;
			compatibilityVersion = "Xcode 9.3";
			developmentRegion = en;
			hasScannedForEncodings = 0;
			knownRegions = (
				en,
				Base,
			);
			mainGroup = C7B070CD225DC98C0077D540;
			productRefGroup = C7B070D7225DC98C0077D540 /* Products */;
			projectDirPath = "";
			projectRoot = "";
			targets = (
				C7B070D5225DC98C0077D540 /* UITouchDemo */,
				C7B070ED225DC98D0077D540 /* UITouchDemoTests */,
				C7B070F8225DC98D0077D540 /* UITouchDemoUITests */,
			);
		};
/* End PBXProject section */

/* Begin PBXResourcesBuildPhase section */
		C7B070D4225DC98C0077D540 /* Resources */ = {
			isa = PBXResourcesBuildPhase;
			buildActionMask = 2147483647;
			files = (
				C7B070E6225DC98C0077D540 /* LaunchScreen.storyboard in Resources */,
				C7B070E3225DC98C0077D540 /* Assets.xcassets in Resources */,
				C7B070E1225DC98C0077D540 /* Main.storyboard in Resources */,
			);
			runOnlyForDeploymentPostprocessing = 0;
		};
		C7B070EC225DC98D0077D540 /* Resources */ = {
			isa = PBXResourcesBuildPhase;
			buildActionMask = 2147483647;
			files = (
			);
			runOnlyForDeploymentPostprocessing = 0;
		};
		C7B070F7225DC98D0077D540 /* Resources */ = {
			isa = PBXResourcesBuildPhase;
			buildActionMask = 2147483647;
			files = (
			);
			runOnlyForDeploymentPostprocessing = 0;
		};
/* End PBXResourcesBuildPhase section */

/* Begin PBXSourcesBuildPhase section */
		C7B070D2225DC98C0077D540 /* Sources */ = {
			isa = PBXSourcesBuildPhase;
			buildActionMask = 2147483647;
			files = (
				C7B07113225DCB530077D540 /* CView.m in Sources */,
				C7B070DE225DC98C0077D540 /* ViewController.m in Sources */,
				C7B070E9225DC98C0077D540 /* main.m in Sources */,
				C7B07119225DD2DC0077D540 /* PDTapGestureRecognizer.m in Sources */,
				C7B0710D225DCB3D0077D540 /* AView.m in Sources */,
				C7B070DB225DC98C0077D540 /* AppDelegate.m in Sources */,
				C7B07116225DCB5C0077D540 /* DView.m in Sources */,
				C7B07110225DCB480077D540 /* BView.m in Sources */,
			);
			runOnlyForDeploymentPostprocessing = 0;
		};
		C7B070EA225DC98D0077D540 /* Sources */ = {
			isa = PBXSourcesBuildPhase;
			buildActionMask = 2147483647;
			files = (
				C7B070F3225DC98D0077D540 /* UITouchDemoTests.m in Sources */,
			);
			runOnlyForDeploymentPostprocessing = 0;
		};
		C7B070F5225DC98D0077D540 /* Sources */ = {
			isa = PBXSourcesBuildPhase;
			buildActionMask = 2147483647;
			files = (
				C7B070FE225DC98D0077D540 /* UITouchDemoUITests.m in Sources */,
			);
			runOnlyForDeploymentPostprocessing = 0;
		};
/* End PBXSourcesBuildPhase section */

/* Begin PBXTargetDependency section */
		C7B070F0225DC98D0077D540 /* PBXTargetDependency */ = {
			isa = PBXTargetDependency;
			target = C7B070D5225DC98C0077D540 /* UITouchDemo */;
			targetProxy = C7B070EF225DC98D0077D540 /* PBXContainerItemProxy */;
		};
		C7B070FB225DC98D0077D540 /* PBXTargetDependency */ = {
			isa = PBXTargetDependency;
			target = C7B070D5225DC98C0077D540 /* UITouchDemo */;
			targetProxy = C7B070FA225DC98D0077D540 /* PBXContainerItemProxy */;
		};
/* End PBXTargetDependency section */

/* Begin PBXVariantGroup section */
		C7B070DF225DC98C0077D540 /* Main.storyboard */ = {
			isa = PBXVariantGroup;
			children = (
				C7B070E0225DC98C0077D540 /* Base */,
			);
			name = Main.storyboard;
			sourceTree = "<group>";
		};
		C7B070E4225DC98C0077D540 /* LaunchScreen.storyboard */ = {
			isa = PBXVariantGroup;
			children = (
				C7B070E5225DC98C0077D540 /* Base */,
			);
			name = LaunchScreen.storyboard;
			sourceTree = "<group>";
		};
/* End PBXVariantGroup section */

/* Begin XCBuildConfiguration section */
		C7B07100225DC98D0077D540 /* Debug */ = {
			isa = XCBuildConfiguration;
			buildSettings = {
				ALWAYS_SEARCH_USER_PATHS = NO;
				CLANG_ANALYZER_NONNULL = YES;
				CLANG_ANALYZER_NUMBER_OBJECT_CONVERSION = YES_AGGRESSIVE;
				CLANG_CXX_LANGUAGE_STANDARD = "gnu++14";
				CLANG_CXX_LIBRARY = "libc++";
				CLANG_ENABLE_MODULES = YES;
				CLANG_ENABLE_OBJC_ARC = YES;
				CLANG_ENABLE_OBJC_WEAK = YES;
				CLANG_WARN_BLOCK_CAPTURE_AUTORELEASING = YES;
				CLANG_WARN_BOOL_CONVERSION = YES;
				CLANG_WARN_COMMA = YES;
				CLANG_WARN_CONSTANT_CONVERSION = YES;
				CLANG_WARN_DEPRECATED_OBJC_IMPLEMENTATIONS = YES;
				CLANG_WARN_DIRECT_OBJC_ISA_USAGE = YES_ERROR;
				CLANG_WARN_DOCUMENTATION_COMMENTS = YES;
				CLANG_WARN_EMPTY_BODY = YES;
				CLANG_WARN_ENUM_CONVERSION = YES;
				CLANG_WARN_INFINITE_RECURSION = YES;
				CLANG_WARN_INT_CONVERSION = YES;
				CLANG_WARN_NON_LITERAL_NULL_CONVERSION = YES;
				CLANG_WARN_OBJC_IMPLICIT_RETAIN_SELF = YES;
				CLANG_WARN_OBJC_LITERAL_CONVERSION = YES;
				CLANG_WARN_OBJC_ROOT_CLASS = YES_ERROR;
				CLANG_WARN_RANGE_LOOP_ANALYSIS = YES;
				CLANG_WARN_STRICT_PROTOTYPES = YES;
				CLANG_WARN_SUSPICIOUS_MOVE = YES;
				CLANG_WARN_UNGUARDED_AVAILABILITY = YES_AGGRESSIVE;
				CLANG_WARN_UNREACHABLE_CODE = YES;
				CLANG_WARN__DUPLICATE_METHOD_MATCH = YES;
				CODE_SIGN_IDENTITY = "iPhone Developer";
				COPY_PHASE_STRIP = NO;
				DEBUG_INFORMATION_FORMAT = dwarf;
				ENABLE_STRICT_OBJC_MSGSEND = YES;
				ENABLE_TESTABILITY = YES;
				GCC_C_LANGUAGE_STANDARD = gnu11;
				GCC_DYNAMIC_NO_PIC = NO;
				GCC_NO_COMMON_BLOCKS = YES;
				GCC_OPTIMIZATION_LEVEL = 0;
				GCC_PREPROCESSOR_DEFINITIONS = (
					"DEBUG=1",
					"$(inherited)",
				);
				GCC_WARN_64_TO_32_BIT_CONVERSION = YES;
				GCC_WARN_ABOUT_RETURN_TYPE = YES_ERROR;
				GCC_WARN_UNDECLARED_SELECTOR = YES;
				GCC_WARN_UNINITIALIZED_AUTOS = YES_AGGRESSIVE;
				GCC_WARN_UNUSED_FUNCTION = YES;
				GCC_WARN_UNUSED_VARIABLE = YES;
				IPHONEOS_DEPLOYMENT_TARGET = 12.1;
				MTL_ENABLE_DEBUG_INFO = INCLUDE_SOURCE;
				MTL_FAST_MATH = YES;
				ONLY_ACTIVE_ARCH = YES;
				SDKROOT = iphoneos;
			};
			name = Debug;
		};
		C7B07101225DC98D0077D540 /* Release */ = {
			isa = XCBuildConfiguration;
			buildSettings = {
				ALWAYS_SEARCH_USER_PATHS = NO;
				CLANG_ANALYZER_NONNULL = YES;
				CLANG_ANALYZER_NUMBER_OBJECT_CONVERSION = YES_AGGRESSIVE;
				CLANG_CXX_LANGUAGE_STANDARD = "gnu++14";
				CLANG_CXX_LIBRARY = "libc++";
				CLANG_ENABLE_MODULES = YES;
				CLANG_ENABLE_OBJC_ARC = YES;
				CLANG_ENABLE_OBJC_WEAK = YES;
				CLANG_WARN_BLOCK_CAPTURE_AUTORELEASING = YES;
				CLANG_WARN_BOOL_CONVERSION = YES;
				CLANG_WARN_COMMA = YES;
				CLANG_WARN_CONSTANT_CONVERSION = YES;
				CLANG_WARN_DEPRECATED_OBJC_IMPLEMENTATIONS = YES;
				CLANG_WARN_DIRECT_OBJC_ISA_USAGE = YES_ERROR;
				CLANG_WARN_DOCUMENTATION_COMMENTS = YES;
				CLANG_WARN_EMPTY_BODY = YES;
				CLANG_WARN_ENUM_CONVERSION = YES;
				CLANG_WARN_INFINITE_RECURSION = YES;
				CLANG_WARN_INT_CONVERSION = YES;
				CLANG_WARN_NON_LITERAL_NULL_CONVERSION = YES;
				CLANG_WARN_OBJC_IMPLICIT_RETAIN_SELF = YES;
				CLANG_WARN_OBJC_LITERAL_CONVERSION = YES;
				CLANG_WARN_OBJC_ROOT_CLASS = YES_ERROR;
				CLANG_WARN_RANGE_LOOP_ANALYSIS = YES;
				CLANG_WARN_STRICT_PROTOTYPES = YES;
				CLANG_WARN_SUSPICIOUS_MOVE = YES;
				CLANG_WARN_UNGUARDED_AVAILABILITY = YES_AGGRESSIVE;
				CLANG_WARN_UNREACHABLE_CODE = YES;
				CLANG_WARN__DUPLICATE_METHOD_MATCH = YES;
				CODE_SIGN_IDENTITY = "iPhone Developer";
				COPY_PHASE_STRIP = NO;
				DEBUG_INFORMATION_FORMAT = "dwarf-with-dsym";
				ENABLE_NS_ASSERTIONS = NO;
				ENABLE_STRICT_OBJC_MSGSEND = YES;
				GCC_C_LANGUAGE_STANDARD = gnu11;
				GCC_NO_COMMON_BLOCKS = YES;
				GCC_WARN_64_TO_32_BIT_CONVERSION = YES;
				GCC_WARN_ABOUT_RETURN_TYPE = YES_ERROR;
				GCC_WARN_UNDECLARED_SELECTOR = YES;
				GCC_WARN_UNINITIALIZED_AUTOS = YES_AGGRESSIVE;
				GCC_WARN_UNUSED_FUNCTION = YES;
				GCC_WARN_UNUSED_VARIABLE = YES;
				IPHONEOS_DEPLOYMENT_TARGET = 12.1;
				MTL_ENABLE_DEBUG_INFO = NO;
				MTL_FAST_MATH = YES;
				SDKROOT = iphoneos;
				VALIDATE_PRODUCT = YES;
			};
			name = Release;
		};
		C7B07103225DC98D0077D540 /* Debug */ = {
			isa = XCBuildConfiguration;
			buildSettings = {
				ASSETCATALOG_COMPILER_APPICON_NAME = AppIcon;
				CODE_SIGN_STYLE = Automatic;
				INFOPLIST_FILE = UITouchDemo/Info.plist;
				LD_RUNPATH_SEARCH_PATHS = (
					"$(inherited)",
					"@executable_path/Frameworks",
				);
				PRODUCT_BUNDLE_IDENTIFIER = xiaoyaoknight.UITouchDemo;
				PRODUCT_NAME = "$(TARGET_NAME)";
				TARGETED_DEVICE_FAMILY = "1,2";
			};
			name = Debug;
		};
		C7B07104225DC98D0077D540 /* Release */ = {
			isa = XCBuildConfiguration;
			buildSettings = {
				ASSETCATALOG_COMPILER_APPICON_NAME = AppIcon;
				CODE_SIGN_STYLE = Automatic;
				INFOPLIST_FILE = UITouchDemo/Info.plist;
				LD_RUNPATH_SEARCH_PATHS = (
					"$(inherited)",
					"@executable_path/Frameworks",
				);
				PRODUCT_BUNDLE_IDENTIFIER = xiaoyaoknight.UITouchDemo;
				PRODUCT_NAME = "$(TARGET_NAME)";
				TARGETED_DEVICE_FAMILY = "1,2";
			};
			name = Release;
		};
		C7B07106225DC98D0077D540 /* Debug */ = {
			isa = XCBuildConfiguration;
			buildSettings = {
				BUNDLE_LOADER = "$(TEST_HOST)";
				CODE_SIGN_STYLE = Automatic;
				INFOPLIST_FILE = UITouchDemoTests/Info.plist;
				LD_RUNPATH_SEARCH_PATHS = (
					"$(inherited)",
					"@executable_path/Frameworks",
					"@loader_path/Frameworks",
				);
				PRODUCT_BUNDLE_IDENTIFIER = xiaoyaoknight.UITouchDemoTests;
				PRODUCT_NAME = "$(TARGET_NAME)";
				TARGETED_DEVICE_FAMILY = "1,2";
				TEST_HOST = "$(BUILT_PRODUCTS_DIR)/UITouchDemo.app/UITouchDemo";
			};
			name = Debug;
		};
		C7B07107225DC98D0077D540 /* Release */ = {
			isa = XCBuildConfiguration;
			buildSettings = {
				BUNDLE_LOADER = "$(TEST_HOST)";
				CODE_SIGN_STYLE = Automatic;
				INFOPLIST_FILE = UITouchDemoTests/Info.plist;
				LD_RUNPATH_SEARCH_PATHS = (
					"$(inherited)",
					"@executable_path/Frameworks",
					"@loader_path/Frameworks",
				);
				PRODUCT_BUNDLE_IDENTIFIER = xiaoyaoknight.UITouchDemoTests;
				PRODUCT_NAME = "$(TARGET_NAME)";
				TARGETED_DEVICE_FAMILY = "1,2";
				TEST_HOST = "$(BUILT_PRODUCTS_DIR)/UITouchDemo.app/UITouchDemo";
			};
			name = Release;
		};
		C7B07109225DC98D0077D540 /* Debug */ = {
			isa = XCBuildConfiguration;
			buildSettings = {
				CODE_SIGN_STYLE = Automatic;
				INFOPLIST_FILE = UITouchDemoUITests/Info.plist;
				LD_RUNPATH_SEARCH_PATHS = (
					"$(inherited)",
					"@executable_path/Frameworks",
					"@loader_path/Frameworks",
				);
				PRODUCT_BUNDLE_IDENTIFIER = xiaoyaoknight.UITouchDemoUITests;
				PRODUCT_NAME = "$(TARGET_NAME)";
				TARGETED_DEVICE_FAMILY = "1,2";
				TEST_TARGET_NAME = UITouchDemo;
			};
			name = Debug;
		};
		C7B0710A225DC98D0077D540 /* Release */ = {
			isa = XCBuildConfiguration;
			buildSettings = {
				CODE_SIGN_STYLE = Automatic;
				INFOPLIST_FILE = UITouchDemoUITests/Info.plist;
				LD_RUNPATH_SEARCH_PATHS = (
					"$(inherited)",
					"@executable_path/Frameworks",
					"@loader_path/Frameworks",
				);
				PRODUCT_BUNDLE_IDENTIFIER = xiaoyaoknight.UITouchDemoUITests;
				PRODUCT_NAME = "$(TARGET_NAME)";
				TARGETED_DEVICE_FAMILY = "1,2";
				TEST_TARGET_NAME = UITouchDemo;
			};
			name = Release;
		};
/* End XCBuildConfiguration section */

/* Begin XCConfigurationList section */
		C7B070D1225DC98C0077D540 /* Build configuration list for PBXProject "UITouchDemo" */ = {
			isa = XCConfigurationList;
			buildConfigurations = (
				C7B07100225DC98D0077D540 /* Debug */,
				C7B07101225DC98D0077D540 /* Release */,
			);
			defaultConfigurationIsVisible = 0;
			defaultConfigurationName = Release;
		};
		C7B07102225DC98D0077D540 /* Build configuration list for PBXNativeTarget "UITouchDemo" */ = {
			isa = XCConfigurationList;
			buildConfigurations = (
				C7B07103225DC98D0077D540 /* Debug */,
				C7B07104225DC98D0077D540 /* Release */,
			);
			defaultConfigurationIsVisible = 0;
			defaultConfigurationName = Release;
		};
		C7B07105225DC98D0077D540 /* Build configuration list for PBXNativeTarget "UITouchDemoTests" */ = {
			isa = XCConfigurationList;
			buildConfigurations = (
				C7B07106225DC98D0077D540 /* Debug */,
				C7B07107225DC98D0077D540 /* Release */,
			);
			defaultConfigurationIsVisible = 0;
			defaultConfigurationName = Release;
		};
		C7B07108225DC98D0077D540 /* Build configuration list for PBXNativeTarget "UITouchDemoUITests" */ = {
			isa = XCConfigurationList;
			buildConfigurations = (
				C7B07109225DC98D0077D540 /* Debug */,
				C7B0710A225DC98D0077D540 /* Release */,
			);
			defaultConfigurationIsVisible = 0;
			defaultConfigurationName = Release;
		};
/* End XCConfigurationList section */
	};
	rootObject = C7B070CE225DC98C0077D540 /* Project object */;
}
